
Microsoft Visual Studio Solution File, Format Version 12.00
# Visual Studio Version 16
VisualStudioVersion = 16.0.31613.86
MinimumVisualStudioVersion = 10.0.40219.1
Project("{FAE04EC0-301F-11D3-BF4B-00C04F79EFBC}") = "myWebApiProject", "myWebApiProject\myWebApiProject.csproj", "{73718BB2-9847-49BB-9769-AB61B5CFBE2E}"
EndProject
Global
	GlobalSection(SolutionConfigurationPlatforms) = preSolution
		Debug|Any CPU = Debug|Any CPU
		Release|Any CPU = Release|Any CPU
	EndGlobalSection
	GlobalSection(ProjectConfigurationPlatforms) = postSolution
		{73718BB2-9847-49BB-9769-AB61B5CFBE2E}.Debug|Any CPU.ActiveCfg = Debug|Any CPU
		{73718BB2-9847-49BB-9769-AB61B5CFBE2E}.Debug|Any CPU.Build.0 = Debug|Any CPU
		{73718BB2-9847-49BB-9769-AB61B5CFBE2E}.Release|Any CPU.ActiveCfg = Release|Any CPU
		{73718BB2-9847-49BB-9769-AB61B5CFBE2E}.Release|Any CPU.Build.0 = Release|Any CPU
	EndGlobalSection
	GlobalSection(SolutionProperties) = preSolution
		HideSolutionNode = FALSE
	EndGlobalSection
	GlobalSection(ExtensibilityGlobals) = postSolution
		SolutionGuid = {D4D3C97D-C779-4314-BE99-2892B1FBB34B}
	EndGlobalSection
EndGlobal
